
Microsoft Visual Studio Solution File, Format Version 12.00
# Visual Studio Version 16
Project("{8BC9CEB8-8B4A-11D0-8D11-00A0C91BC942}") = "ALL_BUILD", "ALL_BUILD.vcxproj", "{BE4A6DBE-4C3C-3530-ACF9-D81AA783CFB1}"
	ProjectSection(ProjectDependencies) = postProject
		{0A27D408-83DE-3271-8473-7E0929B66F57} = {0A27D408-83DE-3271-8473-7E0929B66F57}
		{08488590-89F2-3116-B1B8-6177ACBA9B7E} = {08488590-89F2-3116-B1B8-6177ACBA9B7E}
		{355C054E-1C28-32EF-967B-DB81B111AF8A} = {355C054E-1C28-32EF-967B-DB81B111AF8A}
		{7EB07FBB-869D-3EB1-A97F-2B224EA40844} = {7EB07FBB-869D-3EB1-A97F-2B224EA40844}
		{848F49D4-E5FB-3A9B-9FCF-32FD92FFFF50} = {848F49D4-E5FB-3A9B-9FCF-32FD92FFFF50}
		{ACE76CAC-F8CD-3189-85D6-0B427B1671AB} = {ACE76CAC-F8CD-3189-85D6-0B427B1671AB}
		{4E18248C-5C6A-3006-A816-18B22CB32A91} = {4E18248C-5C6A-3006-A816-18B22CB32A91}
		{9D78BCDE-3F42-3B8D-9144-68C49B642BD5} = {9D78BCDE-3F42-3B8D-9144-68C49B642BD5}
		{896D0BE5-6265-3546-80B2-2F3191299A54} = {896D0BE5-6265-3546-80B2-2F3191299A54}
		{81FD3F51-7DD7-3A12-8C89-7EE0CF0E7BF5} = {81FD3F51-7DD7-3A12-8C89-7EE0CF0E7BF5}
		{8B130322-7177-3C0D-B2A0-E12E754DD323} = {8B130322-7177-3C0D-B2A0-E12E754DD323}
		{75C3F9BE-0067-3365-9C92-A985A85F039E} = {75C3F9BE-0067-3365-9C92-A985A85F039E}
	EndProjectSection
EndProject
Project("{8BC9CEB8-8B4A-11D0-8D11-00A0C91BC942}") = "Continuous", "glog\Continuous.vcxproj", "{22696828-A3EF-33A3-8A36-E5A2F3FE464B}"
	ProjectSection(ProjectDependencies) = postProject
		{0A27D408-83DE-3271-8473-7E0929B66F57} = {0A27D408-83DE-3271-8473-7E0929B66F57}
	EndProjectSection
EndProject
Project("{8BC9CEB8-8B4A-11D0-8D11-00A0C91BC942}") = "Experimental", "glog\Experimental.vcxproj", "{25F7F77D-04B0-36E7-A95B-AFE9DA0E03FC}"
	ProjectSection(ProjectDependencies) = postProject
		{0A27D408-83DE-3271-8473-7E0929B66F57} = {0A27D408-83DE-3271-8473-7E0929B66F57}
	EndProjectSection
EndProject
Project("{8BC9CEB8-8B4A-11D0-8D11-00A0C91BC942}") = "INSTALL", "INSTALL.vcxproj", "{DAD8C1B5-9F47-31DD-90AA-83CE5AA572E2}"
	ProjectSection(ProjectDependencies) = postProject
		{BE4A6DBE-4C3C-3530-ACF9-D81AA783CFB1} = {BE4A6DBE-4C3C-3530-ACF9-D81AA783CFB1}
		{0A27D408-83DE-3271-8473-7E0929B66F57} = {0A27D408-83DE-3271-8473-7E0929B66F57}
	EndProjectSection
EndProject
Project("{8BC9CEB8-8B4A-11D0-8D11-00A0C91BC942}") = "Nightly", "glog\Nightly.vcxproj", "{9609F3E7-E6EB-395C-BC82-138E16C9FAD0}"
	ProjectSection(ProjectDependencies) = postProject
		{0A27D408-83DE-3271-8473-7E0929B66F57} = {0A27D408-83DE-3271-8473-7E0929B66F57}
	EndProjectSection
EndProject
Project("{8BC9CEB8-8B4A-11D0-8D11-00A0C91BC942}") = "NightlyMemoryCheck", "glog\NightlyMemoryCheck.vcxproj", "{6A32C1D0-8239-3AFF-B7A1-065F88E3206A}"
	ProjectSection(ProjectDependencies) = postProject
		{0A27D408-83DE-3271-8473-7E0929B66F57} = {0A27D408-83DE-3271-8473-7E0929B66F57}
	EndProjectSection
EndProject
Project("{8BC9CEB8-8B4A-11D0-8D11-00A0C91BC942}") = "PACKAGE", "PACKAGE.vcxproj", "{2967A114-A5B1-39D3-848F-69BA7CEEE40A}"
	ProjectSection(ProjectDependencies) = postProject
		{BE4A6DBE-4C3C-3530-ACF9-D81AA783CFB1} = {BE4A6DBE-4C3C-3530-ACF9-D81AA783CFB1}
		{0A27D408-83DE-3271-8473-7E0929B66F57} = {0A27D408-83DE-3271-8473-7E0929B66F57}
	EndProjectSection
EndProject
Project("{8BC9CEB8-8B4A-11D0-8D11-00A0C91BC942}") = "ZERO_CHECK", "ZERO_CHECK.vcxproj", "{0A27D408-83DE-3271-8473-7E0929B66F57}"
	ProjectSection(ProjectDependencies) = postProject
	EndProjectSection
EndProject
Project("{8BC9CEB8-8B4A-11D0-8D11-00A0C91BC942}") = "common", "common\common.vcxproj", "{08488590-89F2-3116-B1B8-6177ACBA9B7E}"
	ProjectSection(ProjectDependencies) = postProject
		{0A27D408-83DE-3271-8473-7E0929B66F57} = {0A27D408-83DE-3271-8473-7E0929B66F57}
		{7EB07FBB-869D-3EB1-A97F-2B224EA40844} = {7EB07FBB-869D-3EB1-A97F-2B224EA40844}
	EndProjectSection
EndProject
Project("{8BC9CEB8-8B4A-11D0-8D11-00A0C91BC942}") = "demangle_unittest", "glog\demangle_unittest.vcxproj", "{355C054E-1C28-32EF-967B-DB81B111AF8A}"
	ProjectSection(ProjectDependencies) = postProject
		{0A27D408-83DE-3271-8473-7E0929B66F57} = {0A27D408-83DE-3271-8473-7E0929B66F57}
		{7EB07FBB-869D-3EB1-A97F-2B224EA40844} = {7EB07FBB-869D-3EB1-A97F-2B224EA40844}
	EndProjectSection
EndProject
Project("{8BC9CEB8-8B4A-11D0-8D11-00A0C91BC942}") = "glog", "glog\glog.vcxproj", "{7EB07FBB-869D-3EB1-A97F-2B224EA40844}"
	ProjectSection(ProjectDependencies) = postProject
		{0A27D408-83DE-3271-8473-7E0929B66F57} = {0A27D408-83DE-3271-8473-7E0929B66F57}
	EndProjectSection
EndProject
Project("{8BC9CEB8-8B4A-11D0-8D11-00A0C91BC942}") = "heavy_hitters", "heavy_hitters.vcxproj", "{848F49D4-E5FB-3A9B-9FCF-32FD92FFFF50}"
	ProjectSection(ProjectDependencies) = postProject
		{0A27D408-83DE-3271-8473-7E0929B66F57} = {0A27D408-83DE-3271-8473-7E0929B66F57}
		{08488590-89F2-3116-B1B8-6177ACBA9B7E} = {08488590-89F2-3116-B1B8-6177ACBA9B7E}
		{7EB07FBB-869D-3EB1-A97F-2B224EA40844} = {7EB07FBB-869D-3EB1-A97F-2B224EA40844}
		{4E18248C-5C6A-3006-A816-18B22CB32A91} = {4E18248C-5C6A-3006-A816-18B22CB32A91}
	EndProjectSection
EndProject
Project("{8BC9CEB8-8B4A-11D0-8D11-00A0C91BC942}") = "logging_unittest", "glog\logging_unittest.vcxproj", "{ACE76CAC-F8CD-3189-85D6-0B427B1671AB}"
	ProjectSection(ProjectDependencies) = postProject
		{0A27D408-83DE-3271-8473-7E0929B66F57} = {0A27D408-83DE-3271-8473-7E0929B66F57}
		{7EB07FBB-869D-3EB1-A97F-2B224EA40844} = {7EB07FBB-869D-3EB1-A97F-2B224EA40844}
	EndProjectSection
EndProject
Project("{8BC9CEB8-8B4A-11D0-8D11-00A0C91BC942}") = "processor", "processor\processor.vcxproj", "{4E18248C-5C6A-3006-A816-18B22CB32A91}"
	ProjectSection(ProjectDependencies) = postProject
		{0A27D408-83DE-3271-8473-7E0929B66F57} = {0A27D408-83DE-3271-8473-7E0929B66F57}
		{08488590-89F2-3116-B1B8-6177ACBA9B7E} = {08488590-89F2-3116-B1B8-6177ACBA9B7E}
		{7EB07FBB-869D-3EB1-A97F-2B224EA40844} = {7EB07FBB-869D-3EB1-A97F-2B224EA40844}
	EndProjectSection
EndProject
Project("{8BC9CEB8-8B4A-11D0-8D11-00A0C91BC942}") = "signalhandler_unittest", "glog\signalhandler_unittest.vcxproj", "{9D78BCDE-3F42-3B8D-9144-68C49B642BD5}"
	ProjectSection(ProjectDependencies) = postProject
		{0A27D408-83DE-3271-8473-7E0929B66F57} = {0A27D408-83DE-3271-8473-7E0929B66F57}
		{7EB07FBB-869D-3EB1-A97F-2B224EA40844} = {7EB07FBB-869D-3EB1-A97F-2B224EA40844}
	EndProjectSection
EndProject
Project("{8BC9CEB8-8B4A-11D0-8D11-00A0C91BC942}") = "stacktrace_unittest", "glog\stacktrace_unittest.vcxproj", "{896D0BE5-6265-3546-80B2-2F3191299A54}"
	ProjectSection(ProjectDependencies) = postProject
		{0A27D408-83DE-3271-8473-7E0929B66F57} = {0A27D408-83DE-3271-8473-7E0929B66F57}
		{7EB07FBB-869D-3EB1-A97F-2B224EA40844} = {7EB07FBB-869D-3EB1-A97F-2B224EA40844}
	EndProjectSection
EndProject
Project("{8BC9CEB8-8B4A-11D0-8D11-00A0C91BC942}") = "stl_logging_unittest", "glog\stl_logging_unittest.vcxproj", "{81FD3F51-7DD7-3A12-8C89-7EE0CF0E7BF5}"
	ProjectSection(ProjectDependencies) = postProject
		{0A27D408-83DE-3271-8473-7E0929B66F57} = {0A27D408-83DE-3271-8473-7E0929B66F57}
		{7EB07FBB-869D-3EB1-A97F-2B224EA40844} = {7EB07FBB-869D-3EB1-A97F-2B224EA40844}
	EndProjectSection
EndProject
Project("{8BC9CEB8-8B4A-11D0-8D11-00A0C91BC942}") = "symbolize_unittest", "glog\symbolize_unittest.vcxproj", "{8B130322-7177-3C0D-B2A0-E12E754DD323}"
	ProjectSection(ProjectDependencies) = postProject
		{0A27D408-83DE-3271-8473-7E0929B66F57} = {0A27D408-83DE-3271-8473-7E0929B66F57}
		{7EB07FBB-869D-3EB1-A97F-2B224EA40844} = {7EB07FBB-869D-3EB1-A97F-2B224EA40844}
	EndProjectSection
EndProject
Project("{8BC9CEB8-8B4A-11D0-8D11-00A0C91BC942}") = "utilities_unittest", "glog\utilities_unittest.vcxproj", "{75C3F9BE-0067-3365-9C92-A985A85F039E}"
	ProjectSection(ProjectDependencies) = postProject
		{0A27D408-83DE-3271-8473-7E0929B66F57} = {0A27D408-83DE-3271-8473-7E0929B66F57}
		{7EB07FBB-869D-3EB1-A97F-2B224EA40844} = {7EB07FBB-869D-3EB1-A97F-2B224EA40844}
	EndProjectSection
EndProject
Global
	GlobalSection(SolutionConfigurationPlatforms) = preSolution
		Debug|x64 = Debug|x64
		Release|x64 = Release|x64
		MinSizeRel|x64 = MinSizeRel|x64
		RelWithDebInfo|x64 = RelWithDebInfo|x64
	EndGlobalSection
	GlobalSection(ProjectConfigurationPlatforms) = postSolution
		{BE4A6DBE-4C3C-3530-ACF9-D81AA783CFB1}.Debug|x64.ActiveCfg = Debug|x64
		{BE4A6DBE-4C3C-3530-ACF9-D81AA783CFB1}.Debug|x64.Build.0 = Debug|x64
		{BE4A6DBE-4C3C-3530-ACF9-D81AA783CFB1}.Release|x64.ActiveCfg = Release|x64
		{BE4A6DBE-4C3C-3530-ACF9-D81AA783CFB1}.Release|x64.Build.0 = Release|x64
		{BE4A6DBE-4C3C-3530-ACF9-D81AA783CFB1}.MinSizeRel|x64.ActiveCfg = MinSizeRel|x64
		{BE4A6DBE-4C3C-3530-ACF9-D81AA783CFB1}.MinSizeRel|x64.Build.0 = MinSizeRel|x64
		{BE4A6DBE-4C3C-3530-ACF9-D81AA783CFB1}.RelWithDebInfo|x64.ActiveCfg = RelWithDebInfo|x64
		{BE4A6DBE-4C3C-3530-ACF9-D81AA783CFB1}.RelWithDebInfo|x64.Build.0 = RelWithDebInfo|x64
		{22696828-A3EF-33A3-8A36-E5A2F3FE464B}.Debug|x64.ActiveCfg = Debug|x64
		{22696828-A3EF-33A3-8A36-E5A2F3FE464B}.Release|x64.ActiveCfg = Release|x64
		{22696828-A3EF-33A3-8A36-E5A2F3FE464B}.MinSizeRel|x64.ActiveCfg = MinSizeRel|x64
		{22696828-A3EF-33A3-8A36-E5A2F3FE464B}.RelWithDebInfo|x64.ActiveCfg = RelWithDebInfo|x64
		{25F7F77D-04B0-36E7-A95B-AFE9DA0E03FC}.Debug|x64.ActiveCfg = Debug|x64
		{25F7F77D-04B0-36E7-A95B-AFE9DA0E03FC}.Release|x64.ActiveCfg = Release|x64
		{25F7F77D-04B0-36E7-A95B-AFE9DA0E03FC}.MinSizeRel|x64.ActiveCfg = MinSizeRel|x64
		{25F7F77D-04B0-36E7-A95B-AFE9DA0E03FC}.RelWithDebInfo|x64.ActiveCfg = RelWithDebInfo|x64
		{DAD8C1B5-9F47-31DD-90AA-83CE5AA572E2}.Debug|x64.ActiveCfg = Debug|x64
		{DAD8C1B5-9F47-31DD-90AA-83CE5AA572E2}.Release|x64.ActiveCfg = Release|x64
		{DAD8C1B5-9F47-31DD-90AA-83CE5AA572E2}.MinSizeRel|x64.ActiveCfg = MinSizeRel|x64
		{DAD8C1B5-9F47-31DD-90AA-83CE5AA572E2}.RelWithDebInfo|x64.ActiveCfg = RelWithDebInfo|x64
		{9609F3E7-E6EB-395C-BC82-138E16C9FAD0}.Debug|x64.ActiveCfg = Debug|x64
		{9609F3E7-E6EB-395C-BC82-138E16C9FAD0}.Release|x64.ActiveCfg = Release|x64
		{9609F3E7-E6EB-395C-BC82-138E16C9FAD0}.MinSizeRel|x64.ActiveCfg = MinSizeRel|x64
		{9609F3E7-E6EB-395C-BC82-138E16C9FAD0}.RelWithDebInfo|x64.ActiveCfg = RelWithDebInfo|x64
		{6A32C1D0-8239-3AFF-B7A1-065F88E3206A}.Debug|x64.ActiveCfg = Debug|x64
		{6A32C1D0-8239-3AFF-B7A1-065F88E3206A}.Release|x64.ActiveCfg = Release|x64
		{6A32C1D0-8239-3AFF-B7A1-065F88E3206A}.MinSizeRel|x64.ActiveCfg = MinSizeRel|x64
		{6A32C1D0-8239-3AFF-B7A1-065F88E3206A}.RelWithDebInfo|x64.ActiveCfg = RelWithDebInfo|x64
		{2967A114-A5B1-39D3-848F-69BA7CEEE40A}.Debug|x64.ActiveCfg = Debug|x64
		{2967A114-A5B1-39D3-848F-69BA7CEEE40A}.Release|x64.ActiveCfg = Release|x64
		{2967A114-A5B1-39D3-848F-69BA7CEEE40A}.MinSizeRel|x64.ActiveCfg = MinSizeRel|x64
		{2967A114-A5B1-39D3-848F-69BA7CEEE40A}.RelWithDebInfo|x64.ActiveCfg = RelWithDebInfo|x64
		{0A27D408-83DE-3271-8473-7E0929B66F57}.Debug|x64.ActiveCfg = Debug|x64
		{0A27D408-83DE-3271-8473-7E0929B66F57}.Debug|x64.Build.0 = Debug|x64
		{0A27D408-83DE-3271-8473-7E0929B66F57}.Release|x64.ActiveCfg = Release|x64
		{0A27D408-83DE-3271-8473-7E0929B66F57}.Release|x64.Build.0 = Release|x64
		{0A27D408-83DE-3271-8473-7E0929B66F57}.MinSizeRel|x64.ActiveCfg = MinSizeRel|x64
		{0A27D408-83DE-3271-8473-7E0929B66F57}.MinSizeRel|x64.Build.0 = MinSizeRel|x64
		{0A27D408-83DE-3271-8473-7E0929B66F57}.RelWithDebInfo|x64.ActiveCfg = RelWithDebInfo|x64
		{0A27D408-83DE-3271-8473-7E0929B66F57}.RelWithDebInfo|x64.Build.0 = RelWithDebInfo|x64
		{08488590-89F2-3116-B1B8-6177ACBA9B7E}.Debug|x64.ActiveCfg = Debug|x64
		{08488590-89F2-3116-B1B8-6177ACBA9B7E}.Debug|x64.Build.0 = Debug|x64
		{08488590-89F2-3116-B1B8-6177ACBA9B7E}.Release|x64.ActiveCfg = Release|x64
		{08488590-89F2-3116-B1B8-6177ACBA9B7E}.Release|x64.Build.0 = Release|x64
		{08488590-89F2-3116-B1B8-6177ACBA9B7E}.MinSizeRel|x64.ActiveCfg = MinSizeRel|x64
		{08488590-89F2-3116-B1B8-6177ACBA9B7E}.MinSizeRel|x64.Build.0 = MinSizeRel|x64
		{08488590-89F2-3116-B1B8-6177ACBA9B7E}.RelWithDebInfo|x64.ActiveCfg = RelWithDebInfo|x64
		{08488590-89F2-3116-B1B8-6177ACBA9B7E}.RelWithDebInfo|x64.Build.0 = RelWithDebInfo|x64
		{355C054E-1C28-32EF-967B-DB81B111AF8A}.Debug|x64.ActiveCfg = Debug|x64
		{355C054E-1C28-32EF-967B-DB81B111AF8A}.Debug|x64.Build.0 = Debug|x64
		{355C054E-1C28-32EF-967B-DB81B111AF8A}.Release|x64.ActiveCfg = Release|x64
		{355C054E-1C28-32EF-967B-DB81B111AF8A}.Release|x64.Build.0 = Release|x64
		{355C054E-1C28-32EF-967B-DB81B111AF8A}.MinSizeRel|x64.ActiveCfg = MinSizeRel|x64
		{355C054E-1C28-32EF-967B-DB81B111AF8A}.MinSizeRel|x64.Build.0 = MinSizeRel|x64
		{355C054E-1C28-32EF-967B-DB81B111AF8A}.RelWithDebInfo|x64.ActiveCfg = RelWithDebInfo|x64
		{355C054E-1C28-32EF-967B-DB81B111AF8A}.RelWithDebInfo|x64.Build.0 = RelWithDebInfo|x64
		{7EB07FBB-869D-3EB1-A97F-2B224EA40844}.Debug|x64.ActiveCfg = Debug|x64
		{7EB07FBB-869D-3EB1-A97F-2B224EA40844}.Debug|x64.Build.0 = Debug|x64
		{7EB07FBB-869D-3EB1-A97F-2B224EA40844}.Release|x64.ActiveCfg = Release|x64
		{7EB07FBB-869D-3EB1-A97F-2B224EA40844}.Release|x64.Build.0 = Release|x64
		{7EB07FBB-869D-3EB1-A97F-2B224EA40844}.MinSizeRel|x64.ActiveCfg = MinSizeRel|x64
		{7EB07FBB-869D-3EB1-A97F-2B224EA40844}.MinSizeRel|x64.Build.0 = MinSizeRel|x64
		{7EB07FBB-869D-3EB1-A97F-2B224EA40844}.RelWithDebInfo|x64.ActiveCfg = RelWithDebInfo|x64
		{7EB07FBB-869D-3EB1-A97F-2B224EA40844}.RelWithDebInfo|x64.Build.0 = RelWithDebInfo|x64
		{848F49D4-E5FB-3A9B-9FCF-32FD92FFFF50}.Debug|x64.ActiveCfg = Debug|x64
		{848F49D4-E5FB-3A9B-9FCF-32FD92FFFF50}.Debug|x64.Build.0 = Debug|x64
		{848F49D4-E5FB-3A9B-9FCF-32FD92FFFF50}.Release|x64.ActiveCfg = Release|x64
		{848F49D4-E5FB-3A9B-9FCF-32FD92FFFF50}.Release|x64.Build.0 = Release|x64
		{848F49D4-E5FB-3A9B-9FCF-32FD92FFFF50}.MinSizeRel|x64.ActiveCfg = MinSizeRel|x64
		{848F49D4-E5FB-3A9B-9FCF-32FD92FFFF50}.MinSizeRel|x64.Build.0 = MinSizeRel|x64
		{848F49D4-E5FB-3A9B-9FCF-32FD92FFFF50}.RelWithDebInfo|x64.ActiveCfg = RelWithDebInfo|x64
		{848F49D4-E5FB-3A9B-9FCF-32FD92FFFF50}.RelWithDebInfo|x64.Build.0 = RelWithDebInfo|x64
		{ACE76CAC-F8CD-3189-85D6-0B427B1671AB}.Debug|x64.ActiveCfg = Debug|x64
		{ACE76CAC-F8CD-3189-85D6-0B427B1671AB}.Debug|x64.Build.0 = Debug|x64
		{ACE76CAC-F8CD-3189-85D6-0B427B1671AB}.Release|x64.ActiveCfg = Release|x64
		{ACE76CAC-F8CD-3189-85D6-0B427B1671AB}.Release|x64.Build.0 = Release|x64
		{ACE76CAC-F8CD-3189-85D6-0B427B1671AB}.MinSizeRel|x64.ActiveCfg = MinSizeRel|x64
		{ACE76CAC-F8CD-3189-85D6-0B427B1671AB}.MinSizeRel|x64.Build.0 = MinSizeRel|x64
		{ACE76CAC-F8CD-3189-85D6-0B427B1671AB}.RelWithDebInfo|x64.ActiveCfg = RelWithDebInfo|x64
		{ACE76CAC-F8CD-3189-85D6-0B427B1671AB}.RelWithDebInfo|x64.Build.0 = RelWithDebInfo|x64
		{4E18248C-5C6A-3006-A816-18B22CB32A91}.Debug|x64.ActiveCfg = Debug|x64
		{4E18248C-5C6A-3006-A816-18B22CB32A91}.Debug|x64.Build.0 = Debug|x64
		{4E18248C-5C6A-3006-A816-18B22CB32A91}.Release|x64.ActiveCfg = Release|x64
		{4E18248C-5C6A-3006-A816-18B22CB32A91}.Release|x64.Build.0 = Release|x64
		{4E18248C-5C6A-3006-A816-18B22CB32A91}.MinSizeRel|x64.ActiveCfg = MinSizeRel|x64
		{4E18248C-5C6A-3006-A816-18B22CB32A91}.MinSizeRel|x64.Build.0 = MinSizeRel|x64
		{4E18248C-5C6A-3006-A816-18B22CB32A91}.RelWithDebInfo|x64.ActiveCfg = RelWithDebInfo|x64
		{4E18248C-5C6A-3006-A816-18B22CB32A91}.RelWithDebInfo|x64.Build.0 = RelWithDebInfo|x64
		{9D78BCDE-3F42-3B8D-9144-68C49B642BD5}.Debug|x64.ActiveCfg = Debug|x64
		{9D78BCDE-3F42-3B8D-9144-68C49B642BD5}.Debug|x64.Build.0 = Debug|x64
		{9D78BCDE-3F42-3B8D-9144-68C49B642BD5}.Release|x64.ActiveCfg = Release|x64
		{9D78BCDE-3F42-3B8D-9144-68C49B642BD5}.Release|x64.Build.0 = Release|x64
		{9D78BCDE-3F42-3B8D-9144-68C49B642BD5}.MinSizeRel|x64.ActiveCfg = MinSizeRel|x64
		{9D78BCDE-3F42-3B8D-9144-68C49B642BD5}.MinSizeRel|x64.Build.0 = MinSizeRel|x64
		{9D78BCDE-3F42-3B8D-9144-68C49B642BD5}.RelWithDebInfo|x64.ActiveCfg = RelWithDebInfo|x64
		{9D78BCDE-3F42-3B8D-9144-68C49B642BD5}.RelWithDebInfo|x64.Build.0 = RelWithDebInfo|x64
		{896D0BE5-6265-3546-80B2-2F3191299A54}.Debug|x64.ActiveCfg = Debug|x64
		{896D0BE5-6265-3546-80B2-2F3191299A54}.Debug|x64.Build.0 = Debug|x64
		{896D0BE5-6265-3546-80B2-2F3191299A54}.Release|x64.ActiveCfg = Release|x64
		{896D0BE5-6265-3546-80B2-2F3191299A54}.Release|x64.Build.0 = Release|x64
		{896D0BE5-6265-3546-80B2-2F3191299A54}.MinSizeRel|x64.ActiveCfg = MinSizeRel|x64
		{896D0BE5-6265-3546-80B2-2F3191299A54}.MinSizeRel|x64.Build.0 = MinSizeRel|x64
		{896D0BE5-6265-3546-80B2-2F3191299A54}.RelWithDebInfo|x64.ActiveCfg = RelWithDebInfo|x64
		{896D0BE5-6265-3546-80B2-2F3191299A54}.RelWithDebInfo|x64.Build.0 = RelWithDebInfo|x64
		{81FD3F51-7DD7-3A12-8C89-7EE0CF0E7BF5}.Debug|x64.ActiveCfg = Debug|x64
		{81FD3F51-7DD7-3A12-8C89-7EE0CF0E7BF5}.Debug|x64.Build.0 = Debug|x64
		{81FD3F51-7DD7-3A12-8C89-7EE0CF0E7BF5}.Release|x64.ActiveCfg = Release|x64
		{81FD3F51-7DD7-3A12-8C89-7EE0CF0E7BF5}.Release|x64.Build.0 = Release|x64
		{81FD3F51-7DD7-3A12-8C89-7EE0CF0E7BF5}.MinSizeRel|x64.ActiveCfg = MinSizeRel|x64
		{81FD3F51-7DD7-3A12-8C89-7EE0CF0E7BF5}.MinSizeRel|x64.Build.0 = MinSizeRel|x64
		{81FD3F51-7DD7-3A12-8C89-7EE0CF0E7BF5}.RelWithDebInfo|x64.ActiveCfg = RelWithDebInfo|x64
		{81FD3F51-7DD7-3A12-8C89-7EE0CF0E7BF5}.RelWithDebInfo|x64.Build.0 = RelWithDebInfo|x64
		{8B130322-7177-3C0D-B2A0-E12E754DD323}.Debug|x64.ActiveCfg = Debug|x64
		{8B130322-7177-3C0D-B2A0-E12E754DD323}.Debug|x64.Build.0 = Debug|x64
		{8B130322-7177-3C0D-B2A0-E12E754DD323}.Release|x64.ActiveCfg = Release|x64
		{8B130322-7177-3C0D-B2A0-E12E754DD323}.Release|x64.Build.0 = Release|x64
		{8B130322-7177-3C0D-B2A0-E12E754DD323}.MinSizeRel|x64.ActiveCfg = MinSizeRel|x64
		{8B130322-7177-3C0D-B2A0-E12E754DD323}.MinSizeRel|x64.Build.0 = MinSizeRel|x64
		{8B130322-7177-3C0D-B2A0-E12E754DD323}.RelWithDebInfo|x64.ActiveCfg = RelWithDebInfo|x64
		{8B130322-7177-3C0D-B2A0-E12E754DD323}.RelWithDebInfo|x64.Build.0 = RelWithDebInfo|x64
		{75C3F9BE-0067-3365-9C92-A985A85F039E}.Debug|x64.ActiveCfg = Debug|x64
		{75C3F9BE-0067-3365-9C92-A985A85F039E}.Debug|x64.Build.0 = Debug|x64
		{75C3F9BE-0067-3365-9C92-A985A85F039E}.Release|x64.ActiveCfg = Release|x64
		{75C3F9BE-0067-3365-9C92-A985A85F039E}.Release|x64.Build.0 = Release|x64
		{75C3F9BE-0067-3365-9C92-A985A85F039E}.MinSizeRel|x64.ActiveCfg = MinSizeRel|x64
		{75C3F9BE-0067-3365-9C92-A985A85F039E}.MinSizeRel|x64.Build.0 = MinSizeRel|x64
		{75C3F9BE-0067-3365-9C92-A985A85F039E}.RelWithDebInfo|x64.ActiveCfg = RelWithDebInfo|x64
		{75C3F9BE-0067-3365-9C92-A985A85F039E}.RelWithDebInfo|x64.Build.0 = RelWithDebInfo|x64
	EndGlobalSection
	GlobalSection(ExtensibilityGlobals) = postSolution
		SolutionGuid = {D797357B-D3BC-3A1B-B734-02D80B636FA0}
	EndGlobalSection
	GlobalSection(ExtensibilityAddIns) = postSolution
	EndGlobalSection
EndGlobal
